
Microsoft Visual Studio Solution File, Format Version 12.00
# Visual Studio Version 17
VisualStudioVersion = 17.1.32328.378
MinimumVisualStudioVersion = 10.0.40219.1
Project("{FAE04EC0-301F-11D3-BF4B-00C04F79EFBC}") = "WebApplication.Monolito01", "WebApplication.Monolito01\WebApplication.Monolito01.csproj", "{82CB0B43-C174-4222-9E89-4352AAA98FDD}"
EndProject
Global
	GlobalSection(SolutionConfigurationPlatforms) = preSolution
		Debug|Any CPU = Debug|Any CPU
		Release|Any CPU = Release|Any CPU
	EndGlobalSection
	GlobalSection(ProjectConfigurationPlatforms) = postSolution
		{82CB0B43-C174-4222-9E89-4352AAA98FDD}.Debug|Any CPU.ActiveCfg = Debug|Any CPU
		{82CB0B43-C174-4222-9E89-4352AAA98FDD}.Debug|Any CPU.Build.0 = Debug|Any CPU
		{82CB0B43-C174-4222-9E89-4352AAA98FDD}.Release|Any CPU.ActiveCfg = Release|Any CPU
		{82CB0B43-C174-4222-9E89-4352AAA98FDD}.Release|Any CPU.Build.0 = Release|Any CPU
	EndGlobalSection
	GlobalSection(SolutionProperties) = preSolution
		HideSolutionNode = FALSE
	EndGlobalSection
	GlobalSection(ExtensibilityGlobals) = postSolution
		SolutionGuid = {5E5F3FB6-C540-4C6E-AA2A-D6C69C1D6C8B}
	EndGlobalSection
EndGlobal
